{
  "name": "torrent-file-filter",
  "version": "1.0.0",
  "lockfileVersion": 1,
  "requires": true,
  "dependencies": {
    "parse-torrent-title": {
      "version": "1.3.0",
      "resolved": "https://registry.npmjs.org/parse-torrent-title/-/parse-torrent-title-1.3.0.tgz",
      "integrity": "sha512-R5wya73/Ef0qUhb9177Ko8nRQyN1ziWD5DPnlrDrrgcchUnmIrG//cPENunvFYRZCLDZosXTKTo7TpQ2Pgbryg=="
    },
    "string-similarity": {
      "version": "4.0.1",
      "resolved": "https://registry.npmjs.org/string-similarity/-/string-similarity-4.0.1.tgz",
      "integrity": "sha512-v36MJzloekKVvKAsYi6O/qpn2mIuvwEFIT9Gx3yg4spkNjXYsk7yxc37g4ZTyMVIBvt/9PZGxnqEtme8XHK+Mw=="
    }
  }
}
